github.com/egonelbre/prototest/common v0.0.0-20191223193046-4f7801bca5ea h1:FWhVWBIGC1Re5k7SuHsiYQlKUbgY/kk3d+RoBgEzjnY=
github.com/egonelbre/prototest/common v0.0.0-20191223193046-4f7801bca5ea/go.mod h1:fVvoKeJoKiV9/cGDMnqP1VdoV0Kgt+fPJqOv/RD5oic=
github.com/golang/protobuf v1.3.2 h1:6nsPYzhq5kReh6QImI3k5qWzO4PEbvbIW2cwSfR/6xs=
github.com/golang/protobuf v1.3.2/go.mod h1:6lQm79b+lXiMfvg/cZm0SGofjICqVBUtrP5yJMmIC1U=
